
Microsoft Visual Studio Solution File, Format Version 12.00
# Visual Studio Version 17
VisualStudioVersion = 17.10.35027.167
MinimumVisualStudioVersion = 10.0.40219.1
Project("{FAE04EC0-301F-11D3-BF4B-00C04F79EFBC}") = "ConstructorExample", "ConstructorExample\ConstructorExample.csproj", "{0D178FA3-1591-4055-8DB2-774E4A38EE67}"
EndProject
Global
	GlobalSection(SolutionConfigurationPlatforms) = preSolution
		Debug|Any CPU = Debug|Any CPU
		Release|Any CPU = Release|Any CPU
	EndGlobalSection
	GlobalSection(ProjectConfigurationPlatforms) = postSolution
		{0D178FA3-1591-4055-8DB2-774E4A38EE67}.Debug|Any CPU.ActiveCfg = Debug|Any CPU
		{0D178FA3-1591-4055-8DB2-774E4A38EE67}.Debug|Any CPU.Build.0 = Debug|Any CPU
		{0D178FA3-1591-4055-8DB2-774E4A38EE67}.Release|Any CPU.ActiveCfg = Release|Any CPU
		{0D178FA3-1591-4055-8DB2-774E4A38EE67}.Release|Any CPU.Build.0 = Release|Any CPU
	EndGlobalSection
	GlobalSection(SolutionProperties) = preSolution
		HideSolutionNode = FALSE
	EndGlobalSection
	GlobalSection(ExtensibilityGlobals) = postSolution
		SolutionGuid = {D9A4A641-7D55-4D43-8879-45E5C8E7C771}
	EndGlobalSection
EndGlobal
